// !$*UTF8*$!
{
	archiveVersion = 1;
	classes = {
	};
	objectVersion = 46;
	objects = {

/* Begin PBXBuildFile section */
		90B5A2B6199F6F5F00676FF1 /* Foundation.framework in Frameworks */ = {isa = PBXBuildFile; fileRef = 90B5A2B5199F6F5F00676FF1 /* Foundation.framework */; };
		90B5A2B8199F6F5F00676FF1 /* CoreGraphics.framework in Frameworks */ = {isa = PBXBuildFile; fileRef = 90B5A2B7199F6F5F00676FF1 /* CoreGraphics.framework */; };
		90B5A2BA199F6F5F00676FF1 /* UIKit.framework in Frameworks */ = {isa = PBXBuildFile; fileRef = 90B5A2B9199F6F5F00676FF1 /* UIKit.framework */; };
		90B5A2C0199F6F5F00676FF1 /* InfoPlist.strings in Resources */ = {isa = PBXBuildFile; fileRef = 90B5A2BE199F6F5F00676FF1 /* InfoPlist.strings */; };
		90B5A2C2199F6F5F00676FF1 /* main.m in Sources */ = {isa = PBXBuildFile; fileRef = 90B5A2C1199F6F5F00676FF1 /* main.m */; };
		90B5A2C6199F6F5F00676FF1 /* SPAppDelegate.m in Sources */ = {isa = PBXBuildFile; fileRef = 90B5A2C5199F6F5F00676FF1 /* SPAppDelegate.m */; };
		90B5A2C9199F6F5F00676FF1 /* Main_iPhone.storyboard in Resources */ = {isa = PBXBuildFile; fileRef = 90B5A2C7199F6F5F00676FF1 /* Main_iPhone.storyboard */; };
		90B5A2CC199F6F5F00676FF1 /* Main_iPad.storyboard in Resources */ = {isa = PBXBuildFile; fileRef = 90B5A2CA199F6F5F00676FF1 /* Main_iPad.storyboard */; };
		90B5A2CF199F6F5F00676FF1 /* SPViewController.m in Sources */ = {isa = PBXBuildFile; fileRef = 90B5A2CE199F6F5F00676FF1 /* SPViewController.m */; };
		90B5A2D1199F6F5F00676FF1 /* Images.xcassets in Resources */ = {isa = PBXBuildFile; fileRef = 90B5A2D0199F6F5F00676FF1 /* Images.xcassets */; };
		90B5A2D8199F6F5F00676FF1 /* XCTest.framework in Frameworks */ = {isa = PBXBuildFile; fileRef = 90B5A2D7199F6F5F00676FF1 /* XCTest.framework */; };
		90B5A2D9199F6F5F00676FF1 /* Foundation.framework in Frameworks */ = {isa = PBXBuildFile; fileRef = 90B5A2B5199F6F5F00676FF1 /* Foundation.framework */; };
		90B5A2DA199F6F5F00676FF1 /* UIKit.framework in Frameworks */ = {isa = PBXBuildFile; fileRef = 90B5A2B9199F6F5F00676FF1 /* UIKit.framework */; };
		90B5A2E2199F6F5F00676FF1 /* InfoPlist.strings in Resources */ = {isa = PBXBuildFile; fileRef = 90B5A2E0199F6F5F00676FF1 /* InfoPlist.strings */; };
		90B5A2E4199F6F5F00676FF1 /* Clock_iOSTests.m in Sources */ = {isa = PBXBuildFile; fileRef = 90B5A2E3199F6F5F00676FF1 /* Clock_iOSTests.m */; };
/* End PBXBuildFile section */

/* Begin PBXContainerItemProxy section */
		90B5A2DB199F6F5F00676FF1 /* PBXContainerItemProxy */ = {
			isa = PBXContainerItemProxy;
			containerPortal = 90B5A2AA199F6F5F00676FF1 /* Project object */;
			proxyType = 1;
			remoteGlobalIDString = 90B5A2B1199F6F5F00676FF1;
			remoteInfo = "Clock-iOS";
		};
/* End PBXContainerItemProxy section */

/* Begin PBXFileReference section */
		90B5A2B2199F6F5F00676FF1 /* Clock-iOS.app */ = {isa = PBXFileReference; explicitFileType = wrapper.application; includeInIndex = 0; path = "Clock-iOS.app"; sourceTree = BUILT_PRODUCTS_DIR; };
		90B5A2B5199F6F5F00676FF1 /* Foundation.framework */ = {isa = PBXFileReference; lastKnownFileType = wrapper.framework; name = Foundation.framework; path = System/Library/Frameworks/Foundation.framework; sourceTree = SDKROOT; };
		90B5A2B7199F6F5F00676FF1 /* CoreGraphics.framework */ = {isa = PBXFileReference; lastKnownFileType = wrapper.framework; name = CoreGraphics.framework; path = System/Library/Frameworks/CoreGraphics.framework; sourceTree = SDKROOT; };
		90B5A2B9199F6F5F00676FF1 /* UIKit.framework */ = {isa = PBXFileReference; lastKnownFileType = wrapper.framework; name = UIKit.framework; path = System/Library/Frameworks/UIKit.framework; sourceTree = SDKROOT; };
		90B5A2BD199F6F5F00676FF1 /* Clock-iOS-Info.plist */ = {isa = PBXFileReference; lastKnownFileType = text.plist.xml; path = "Clock-iOS-Info.plist"; sourceTree = "<group>"; };
		90B5A2BF199F6F5F00676FF1 /* en */ = {isa = PBXFileReference; lastKnownFileType = text.plist.strings; name = en; path = en.lproj/InfoPlist.strings; sourceTree = "<group>"; };
		90B5A2C1199F6F5F00676FF1 /* main.m */ = {isa = PBXFileReference; lastKnownFileType = sourcecode.c.objc; path = main.m; sourceTree = "<group>"; };
		90B5A2C3199F6F5F00676FF1 /* Clock-iOS-Prefix.pch */ = {isa = PBXFileReference; lastKnownFileType = sourcecode.c.h; path = "Clock-iOS-Prefix.pch"; sourceTree = "<group>"; };
		90B5A2C4199F6F5F00676FF1 /* SPAppDelegate.h */ = {isa = PBXFileReference; lastKnownFileType = sourcecode.c.h; path = SPAppDelegate.h; sourceTree = "<group>"; };
		90B5A2C5199F6F5F00676FF1 /* SPAppDelegate.m */ = {isa = PBXFileReference; lastKnownFileType = sourcecode.c.objc; path = SPAppDelegate.m; sourceTree = "<group>"; };
		90B5A2C8199F6F5F00676FF1 /* Base */ = {isa = PBXFileReference; lastKnownFileType = file.storyboard; name = Base; path = Base.lproj/Main_iPhone.storyboard; sourceTree = "<group>"; };
		90B5A2CB199F6F5F00676FF1 /* Base */ = {isa = PBXFileReference; lastKnownFileType = file.storyboard; name = Base; path = Base.lproj/Main_iPad.storyboard; sourceTree = "<group>"; };
		90B5A2CD199F6F5F00676FF1 /* SPViewController.h */ = {isa = PBXFileReference; lastKnownFileType = sourcecode.c.h; path = SPViewController.h; sourceTree = "<group>"; };
		90B5A2CE199F6F5F00676FF1 /* SPViewController.m */ = {isa = PBXFileReference; lastKnownFileType = sourcecode.c.objc; path = SPViewController.m; sourceTree = "<group>"; };
		90B5A2D0199F6F5F00676FF1 /* Images.xcassets */ = {isa = PBXFileReference; lastKnownFileType = folder.assetcatalog; path = Images.xcassets; sourceTree = "<group>"; };
		90B5A2D6199F6F5F00676FF1 /* Clock-iOSTests.xctest */ = {isa = PBXFileReference; explicitFileType = wrapper.cfbundle; includeInIndex = 0; path = "Clock-iOSTests.xctest"; sourceTree = BUILT_PRODUCTS_DIR; };
		90B5A2D7199F6F5F00676FF1 /* XCTest.framework */ = {isa = PBXFileReference; lastKnownFileType = wrapper.framework; name = XCTest.framework; path = Library/Frameworks/XCTest.framework; sourceTree = DEVELOPER_DIR; };
		90B5A2DF199F6F5F00676FF1 /* Clock-iOSTests-Info.plist */ = {isa = PBXFileReference; lastKnownFileType = text.plist.xml; path = "Clock-iOSTests-Info.plist"; sourceTree = "<group>"; };
		90B5A2E1199F6F5F00676FF1 /* en */ = {isa = PBXFileReference; lastKnownFileType = text.plist.strings; name = en; path = en.lproj/InfoPlist.strings; sourceTree = "<group>"; };
		90B5A2E3199F6F5F00676FF1 /* Clock_iOSTests.m */ = {isa = PBXFileReference; lastKnownFileType = sourcecode.c.objc; path = Clock_iOSTests.m; sourceTree = "<group>"; };
/* End PBXFileReference section */

/* Begin PBXFrameworksBuildPhase section */
		90B5A2AF199F6F5F00676FF1 /* Frameworks */ = {
			isa = PBXFrameworksBuildPhase;
			buildActionMask = 2147483647;
			files = (
				90B5A2B8199F6F5F00676FF1 /* CoreGraphics.framework in Frameworks */,
				90B5A2BA199F6F5F00676FF1 /* UIKit.framework in Frameworks */,
				90B5A2B6199F6F5F00676FF1 /* Foundation.framework in Frameworks */,
			);
			runOnlyForDeploymentPostprocessing = 0;
		};
		90B5A2D3199F6F5F00676FF1 /* Frameworks */ = {
			isa = PBXFrameworksBuildPhase;
			buildActionMask = 2147483647;
			files = (
				90B5A2D8199F6F5F00676FF1 /* XCTest.framework in Frameworks */,
				90B5A2DA199F6F5F00676FF1 /* UIKit.framework in Frameworks */,
				90B5A2D9199F6F5F00676FF1 /* Foundation.framework in Frameworks */,
			);
			runOnlyForDeploymentPostprocessing = 0;
		};
/* End PBXFrameworksBuildPhase section */

/* Begin PBXGroup section */
		90B5A2A9199F6F5F00676FF1 = {
			isa = PBXGroup;
			children = (
				90B5A2BB199F6F5F00676FF1 /* Clock-iOS */,
				90B5A2DD199F6F5F00676FF1 /* Clock-iOSTests */,
				90B5A2B4199F6F5F00676FF1 /* Frameworks */,
				90B5A2B3199F6F5F00676FF1 /* Products */,
			);
			sourceTree = "<group>";
		};
		90B5A2B3199F6F5F00676FF1 /* Products */ = {
			isa = PBXGroup;
			children = (
				90B5A2B2199F6F5F00676FF1 /* Clock-iOS.app */,
				90B5A2D6199F6F5F00676FF1 /* Clock-iOSTests.xctest */,
			);
			name = Products;
			sourceTree = "<group>";
		};
		90B5A2B4199F6F5F00676FF1 /* Frameworks */ = {
			isa = PBXGroup;
			children = (
				90B5A2B5199F6F5F00676FF1 /* Foundation.framework */,
				90B5A2B7199F6F5F00676FF1 /* CoreGraphics.framework */,
				90B5A2B9199F6F5F00676FF1 /* UIKit.framework */,
				90B5A2D7199F6F5F00676FF1 /* XCTest.framework */,
			);
			name = Frameworks;
			sourceTree = "<group>";
		};
		90B5A2BB199F6F5F00676FF1 /* Clock-iOS */ = {
			isa = PBXGroup;
			children = (
				90B5A2C4199F6F5F00676FF1 /* SPAppDelegate.h */,
				90B5A2C5199F6F5F00676FF1 /* SPAppDelegate.m */,
				90B5A2C7199F6F5F00676FF1 /* Main_iPhone.storyboard */,
				90B5A2CA199F6F5F00676FF1 /* Main_iPad.storyboard */,
				90B5A2CD199F6F5F00676FF1 /* SPViewController.h */,
				90B5A2CE199F6F5F00676FF1 /* SPViewController.m */,
				90B5A2D0199F6F5F00676FF1 /* Images.xcassets */,
				90B5A2BC199F6F5F00676FF1 /* Supporting Files */,
			);
			path = "Clock-iOS";
			sourceTree = "<group>";
		};
		90B5A2BC199F6F5F00676FF1 /* Supporting Files */ = {
			isa = PBXGroup;
			children = (
				90B5A2BD199F6F5F00676FF1 /* Clock-iOS-Info.plist */,
				90B5A2BE199F6F5F00676FF1 /* InfoPlist.strings */,
				90B5A2C1199F6F5F00676FF1 /* main.m */,
				90B5A2C3199F6F5F00676FF1 /* Clock-iOS-Prefix.pch */,
			);
			name = "Supporting Files";
			sourceTree = "<group>";
		};
		90B5A2DD199F6F5F00676FF1 /* Clock-iOSTests */ = {
			isa = PBXGroup;
			children = (
				90B5A2E3199F6F5F00676FF1 /* Clock_iOSTests.m */,
				90B5A2DE199F6F5F00676FF1 /* Supporting Files */,
			);
			path = "Clock-iOSTests";
			sourceTree = "<group>";
		};
		90B5A2DE199F6F5F00676FF1 /* Supporting Files */ = {
			isa = PBXGroup;
			children = (
				90B5A2DF199F6F5F00676FF1 /* Clock-iOSTests-Info.plist */,
				90B5A2E0199F6F5F00676FF1 /* InfoPlist.strings */,
			);
			name = "Supporting Files";
			sourceTree = "<group>";
		};
/* End PBXGroup section */

/* Begin PBXNativeTarget section */
		90B5A2B1199F6F5F00676FF1 /* Clock-iOS */ = {
			isa = PBXNativeTarget;
			buildConfigurationList = 90B5A2E7199F6F5F00676FF1 /* Build configuration list for PBXNativeTarget "Clock-iOS" */;
			buildPhases = (
				90B5A2AE199F6F5F00676FF1 /* Sources */,
				90B5A2AF199F6F5F00676FF1 /* Frameworks */,
				90B5A2B0199F6F5F00676FF1 /* Resources */,
			);
			buildRules = (
			);
			dependencies = (
			);
			name = "Clock-iOS";
			productName = "Clock-iOS";
			productReference = 90B5A2B2199F6F5F00676FF1 /* Clock-iOS.app */;
			productType = "com.apple.product-type.application";
		};
		90B5A2D5199F6F5F00676FF1 /* Clock-iOSTests */ = {
			isa = PBXNativeTarget;
			buildConfigurationList = 90B5A2EA199F6F5F00676FF1 /* Build configuration list for PBXNativeTarget "Clock-iOSTests" */;
			buildPhases = (
				90B5A2D2199F6F5F00676FF1 /* Sources */,
				90B5A2D3199F6F5F00676FF1 /* Frameworks */,
				90B5A2D4199F6F5F00676FF1 /* Resources */,
			);
			buildRules = (
			);
			dependencies = (
				90B5A2DC199F6F5F00676FF1 /* PBXTargetDependency */,
			);
			name = "Clock-iOSTests";
			productName = "Clock-iOSTests";
			productReference = 90B5A2D6199F6F5F00676FF1 /* Clock-iOSTests.xctest */;
			productType = "com.apple.product-type.bundle.unit-test";
		};
/* End PBXNativeTarget section */

/* Begin PBXProject section */
		90B5A2AA199F6F5F00676FF1 /* Project object */ = {
			isa = PBXProject;
			attributes = {
				CLASSPREFIX = SP;
				LastUpgradeCheck = 0510;
				ORGANIZATIONNAME = "Su Media";
				TargetAttributes = {
					90B5A2D5199F6F5F00676FF1 = {
						TestTargetID = 90B5A2B1199F6F5F00676FF1;
					};
				};
			};
			buildConfigurationList = 90B5A2AD199F6F5F00676FF1 /* Build configuration list for PBXProject "Clock-iOS" */;
			compatibilityVersion = "Xcode 3.2";
			developmentRegion = English;
			hasScannedForEncodings = 0;
			knownRegions = (
				en,
				Base,
			);
			mainGroup = 90B5A2A9199F6F5F00676FF1;
			productRefGroup = 90B5A2B3199F6F5F00676FF1 /* Products */;
			projectDirPath = "";
			projectRoot = "";
			targets = (
				90B5A2B1199F6F5F00676FF1 /* Clock-iOS */,
				90B5A2D5199F6F5F00676FF1 /* Clock-iOSTests */,
			);
		};
/* End PBXProject section */

/* Begin PBXResourcesBuildPhase section */
		90B5A2B0199F6F5F00676FF1 /* Resources */ = {
			isa = PBXResourcesBuildPhase;
			buildActionMask = 2147483647;
			files = (
				90B5A2CC199F6F5F00676FF1 /* Main_iPad.storyboard in Resources */,
				90B5A2D1199F6F5F00676FF1 /* Images.xcassets in Resources */,
				90B5A2C9199F6F5F00676FF1 /* Main_iPhone.storyboard in Resources */,
				90B5A2C0199F6F5F00676FF1 /* InfoPlist.strings in Resources */,
			);
			runOnlyForDeploymentPostprocessing = 0;
		};
		90B5A2D4199F6F5F00676FF1 /* Resources */ = {
			isa = PBXResourcesBuildPhase;
			buildActionMask = 2147483647;
			files = (
				90B5A2E2199F6F5F00676FF1 /* InfoPlist.strings in Resources */,
			);
			runOnlyForDeploymentPostprocessing = 0;
		};
/* End PBXResourcesBuildPhase section */

/* Begin PBXSourcesBuildPhase section */
		90B5A2AE199F6F5F00676FF1 /* Sources */ = {
			isa = PBXSourcesBuildPhase;
			buildActionMask = 2147483647;
			files = (
				90B5A2C2199F6F5F00676FF1 /* main.m in Sources */,
				90B5A2CF199F6F5F00676FF1 /* SPViewController.m in Sources */,
				90B5A2C6199F6F5F00676FF1 /* SPAppDelegate.m in Sources */,
			);
			runOnlyForDeploymentPostprocessing = 0;
		};
		90B5A2D2199F6F5F00676FF1 /* Sources */ = {
			isa = PBXSourcesBuildPhase;
			buildActionMask = 2147483647;
			files = (
				90B5A2E4199F6F5F00676FF1 /* Clock_iOSTests.m in Sources */,
			);
			runOnlyForDeploymentPostprocessing = 0;
		};
/* End PBXSourcesBuildPhase section */

/* Begin PBXTargetDependency section */
		90B5A2DC199F6F5F00676FF1 /* PBXTargetDependency */ = {
			isa = PBXTargetDependency;
			target = 90B5A2B1199F6F5F00676FF1 /* Clock-iOS */;
			targetProxy = 90B5A2DB199F6F5F00676FF1 /* PBXContainerItemProxy */;
		};
/* End PBXTargetDependency section */

/* Begin PBXVariantGroup section */
		90B5A2BE199F6F5F00676FF1 /* InfoPlist.strings */ = {
			isa = PBXVariantGroup;
			children = (
				90B5A2BF199F6F5F00676FF1 /* en */,
			);
			name = InfoPlist.strings;
			sourceTree = "<group>";
		};
		90B5A2C7199F6F5F00676FF1 /* Main_iPhone.storyboard */ = {
			isa = PBXVariantGroup;
			children = (
				90B5A2C8199F6F5F00676FF1 /* Base */,
			);
			name = Main_iPhone.storyboard;
			sourceTree = "<group>";
		};
		90B5A2CA199F6F5F00676FF1 /* Main_iPad.storyboard */ = {
			isa = PBXVariantGroup;
			children = (
				90B5A2CB199F6F5F00676FF1 /* Base */,
			);
			name = Main_iPad.storyboard;
			sourceTree = "<group>";
		};
		90B5A2E0199F6F5F00676FF1 /* InfoPlist.strings */ = {
			isa = PBXVariantGroup;
			children = (
				90B5A2E1199F6F5F00676FF1 /* en */,
			);
			name = InfoPlist.strings;
			sourceTree = "<group>";
		};
/* End PBXVariantGroup section */

/* Begin XCBuildConfiguration section */
		90B5A2E5199F6F5F00676FF1 /* Debug */ = {
			isa = XCBuildConfiguration;
			buildSettings = {
				ALWAYS_SEARCH_USER_PATHS = NO;
				CLANG_CXX_LANGUAGE_STANDARD = "gnu++0x";
				CLANG_CXX_LIBRARY = "libc++";
				CLANG_ENABLE_MODULES = YES;
				CLANG_ENABLE_OBJC_ARC = YES;
				CLANG_WARN_BOOL_CONVERSION = YES;
				CLANG_WARN_CONSTANT_CONVERSION = YES;
				CLANG_WARN_DIRECT_OBJC_ISA_USAGE = YES_ERROR;
				CLANG_WARN_EMPTY_BODY = YES;
				CLANG_WARN_ENUM_CONVERSION = YES;
				CLANG_WARN_INT_CONVERSION = YES;
				CLANG_WARN_OBJC_ROOT_CLASS = YES_ERROR;
				CLANG_WARN__DUPLICATE_METHOD_MATCH = YES;
				"CODE_SIGN_IDENTITY[sdk=iphoneos*]" = "iPhone Developer";
				COPY_PHASE_STRIP = NO;
				GCC_C_LANGUAGE_STANDARD = gnu99;
				GCC_DYNAMIC_NO_PIC = NO;
				GCC_OPTIMIZATION_LEVEL = 0;
				GCC_PREPROCESSOR_DEFINITIONS = (
					"DEBUG=1",
					"$(inherited)",
				);
				GCC_SYMBOLS_PRIVATE_EXTERN = NO;
				GCC_WARN_64_TO_32_BIT_CONVERSION = YES;
				GCC_WARN_ABOUT_RETURN_TYPE = YES_ERROR;
				GCC_WARN_UNDECLARED_SELECTOR = YES;
				GCC_WARN_UNINITIALIZED_AUTOS = YES_AGGRESSIVE;
				GCC_WARN_UNUSED_FUNCTION = YES;
				GCC_WARN_UNUSED_VARIABLE = YES;
				IPHONEOS_DEPLOYMENT_TARGET = 7.1;
				ONLY_ACTIVE_ARCH = YES;
				SDKROOT = iphoneos;
				TARGETED_DEVICE_FAMILY = "1,2";
			};
			name = Debug;
		};
		90B5A2E6199F6F5F00676FF1 /* Release */ = {
			isa = XCBuildConfiguration;
			buildSettings = {
				ALWAYS_SEARCH_USER_PATHS = NO;
				CLANG_CXX_LANGUAGE_STANDARD = "gnu++0x";
				CLANG_CXX_LIBRARY = "libc++";
				CLANG_ENABLE_MODULES = YES;
				CLANG_ENABLE_OBJC_ARC = YES;
				CLANG_WARN_BOOL_CONVERSION = YES;
				CLANG_WARN_CONSTANT_CONVERSION = YES;
				CLANG_WARN_DIRECT_OBJC_ISA_USAGE = YES_ERROR;
				CLANG_WARN_EMPTY_BODY = YES;
				CLANG_WARN_ENUM_CONVERSION = YES;
				CLANG_WARN_INT_CONVERSION = YES;
				CLANG_WARN_OBJC_ROOT_CLASS = YES_ERROR;
				CLANG_WARN__DUPLICATE_METHOD_MATCH = YES;
				"CODE_SIGN_IDENTITY[sdk=iphoneos*]" = "iPhone Developer";
				COPY_PHASE_STRIP = YES;
				ENABLE_NS_ASSERTIONS = NO;
				GCC_C_LANGUAGE_STANDARD = gnu99;
				GCC_WARN_64_TO_32_BIT_CONVERSION = YES;
				GCC_WARN_ABOUT_RETURN_TYPE = YES_ERROR;
				GCC_WARN_UNDECLARED_SELECTOR = YES;
				GCC_WARN_UNINITIALIZED_AUTOS = YES_AGGRESSIVE;
				GCC_WARN_UNUSED_FUNCTION = YES;
				GCC_WARN_UNUSED_VARIABLE = YES;
				IPHONEOS_DEPLOYMENT_TARGET = 7.1;
				SDKROOT = iphoneos;
				TARGETED_DEVICE_FAMILY = "1,2";
				VALIDATE_PRODUCT = YES;
			};
			name = Release;
		};
		90B5A2E8199F6F5F00676FF1 /* Debug */ = {
			isa = XCBuildConfiguration;
			buildSettings = {
				ASSETCATALOG_COMPILER_APPICON_NAME = AppIcon;
				ASSETCATALOG_COMPILER_LAUNCHIMAGE_NAME = LaunchImage;
				GCC_PRECOMPILE_PREFIX_HEADER = YES;
				GCC_PREFIX_HEADER = "Clock-iOS/Clock-iOS-Prefix.pch";
				INFOPLIST_FILE = "Clock-iOS/Clock-iOS-Info.plist";
				PRODUCT_NAME = "$(TARGET_NAME)";
				WRAPPER_EXTENSION = app;
			};
			name = Debug;
		};
		90B5A2E9199F6F5F00676FF1 /* Release */ = {
			isa = XCBuildConfiguration;
			buildSettings = {
				ASSETCATALOG_COMPILER_APPICON_NAME = AppIcon;
				ASSETCATALOG_COMPILER_LAUNCHIMAGE_NAME = LaunchImage;
				GCC_PRECOMPILE_PREFIX_HEADER = YES;
				GCC_PREFIX_HEADER = "Clock-iOS/Clock-iOS-Prefix.pch";
				INFOPLIST_FILE = "Clock-iOS/Clock-iOS-Info.plist";
				PRODUCT_NAME = "$(TARGET_NAME)";
				WRAPPER_EXTENSION = app;
			};
			name = Release;
		};
		90B5A2EB199F6F5F00676FF1 /* Debug */ = {
			isa = XCBuildConfiguration;
			buildSettings = {
				BUNDLE_LOADER = "$(BUILT_PRODUCTS_DIR)/Clock-iOS.app/Clock-iOS";
				FRAMEWORK_SEARCH_PATHS = (
					"$(SDKROOT)/Developer/Library/Frameworks",
					"$(inherited)",
					"$(DEVELOPER_FRAMEWORKS_DIR)",
				);
				GCC_PRECOMPILE_PREFIX_HEADER = YES;
				GCC_PREFIX_HEADER = "Clock-iOS/Clock-iOS-Prefix.pch";
				GCC_PREPROCESSOR_DEFINITIONS = (
					"DEBUG=1",
					"$(inherited)",
				);
				INFOPLIST_FILE = "Clock-iOSTests/Clock-iOSTests-Info.plist";
				PRODUCT_NAME = "$(TARGET_NAME)";
				TEST_HOST = "$(BUNDLE_LOADER)";
				WRAPPER_EXTENSION = xctest;
			};
			name = Debug;
		};
		90B5A2EC199F6F5F00676FF1 /* Release */ = {
			isa = XCBuildConfiguration;
			buildSettings = {
				BUNDLE_LOADER = "$(BUILT_PRODUCTS_DIR)/Clock-iOS.app/Clock-iOS";
				FRAMEWORK_SEARCH_PATHS = (
					"$(SDKROOT)/Developer/Library/Frameworks",
					"$(inherited)",
					"$(DEVELOPER_FRAMEWORKS_DIR)",
				);
				GCC_PRECOMPILE_PREFIX_HEADER = YES;
				GCC_PREFIX_HEADER = "Clock-iOS/Clock-iOS-Prefix.pch";
				INFOPLIST_FILE = "Clock-iOSTests/Clock-iOSTests-Info.plist";
				PRODUCT_NAME = "$(TARGET_NAME)";
				TEST_HOST = "$(BUNDLE_LOADER)";
				WRAPPER_EXTENSION = xctest;
			};
			name = Release;
		};
/* End XCBuildConfiguration section */

/* Begin XCConfigurationList section */
		90B5A2AD199F6F5F00676FF1 /* Build configuration list for PBXProject "Clock-iOS" */ = {
			isa = XCConfigurationList;
			buildConfigurations = (
				90B5A2E5199F6F5F00676FF1 /* Debug */,
				90B5A2E6199F6F5F00676FF1 /* Release */,
			);
			defaultConfigurationIsVisible = 0;
			defaultConfigurationName = Release;
		};
		90B5A2E7199F6F5F00676FF1 /* Build configuration list for PBXNativeTarget "Clock-iOS" */ = {
			isa = XCConfigurationList;
			buildConfigurations = (
				90B5A2E8199F6F5F00676FF1 /* Debug */,
				90B5A2E9199F6F5F00676FF1 /* Release */,
			);
			defaultConfigurationIsVisible = 0;
		};
		90B5A2EA199F6F5F00676FF1 /* Build configuration list for PBXNativeTarget "Clock-iOSTests" */ = {
			isa = XCConfigurationList;
			buildConfigurations = (
				90B5A2EB199F6F5F00676FF1 /* Debug */,
				90B5A2EC199F6F5F00676FF1 /* Release */,
			);
			defaultConfigurationIsVisible = 0;
		};
/* End XCConfigurationList section */
	};
	rootObject = 90B5A2AA199F6F5F00676FF1 /* Project object */;
}
